// !$*UTF8*$!
{
	archiveVersion = 1;
	classes = {
	};
	objectVersion = 55;
	objects = {

/* Begin PBXBuildFile section */
		19EC74B1282AC1C300E18E46 /* MyApp_v1App.swift in Sources */ = {isa = PBXBuildFile; fileRef = 19EC74B0282AC1C300E18E46 /* MyApp_v1App.swift */; };
		19EC74B3282AC1C300E18E46 /* ContentView.swift in Sources */ = {isa = PBXBuildFile; fileRef = 19EC74B2282AC1C300E18E46 /* ContentView.swift */; };
		19EC74B5282AC1C400E18E46 /* Assets.xcassets in Resources */ = {isa = PBXBuildFile; fileRef = 19EC74B4282AC1C400E18E46 /* Assets.xcassets */; };
		19EC74B8282AC1C400E18E46 /* Preview Assets.xcassets in Resources */ = {isa = PBXBuildFile; fileRef = 19EC74B7282AC1C400E18E46 /* Preview Assets.xcassets */; };
		19EC74C2282AC1C400E18E46 /* MyApp_v1Tests.swift in Sources */ = {isa = PBXBuildFile; fileRef = 19EC74C1282AC1C400E18E46 /* MyApp_v1Tests.swift */; };
		19EC74CC282AC1C400E18E46 /* MyApp_v1UITests.swift in Sources */ = {isa = PBXBuildFile; fileRef = 19EC74CB282AC1C400E18E46 /* MyApp_v1UITests.swift */; };
		19EC74CE282AC1C400E18E46 /* MyApp_v1UITestsLaunchTests.swift in Sources */ = {isa = PBXBuildFile; fileRef = 19EC74CD282AC1C400E18E46 /* MyApp_v1UITestsLaunchTests.swift */; };
/* End PBXBuildFile section */

/* Begin PBXContainerItemProxy section */
		19EC74BE282AC1C400E18E46 /* PBXContainerItemProxy */ = {
			isa = PBXContainerItemProxy;
			containerPortal = 19EC74A5282AC1C300E18E46 /* Project object */;
			proxyType = 1;
			remoteGlobalIDString = 19EC74AC282AC1C300E18E46;
			remoteInfo = MyApp_v1;
		};
		19EC74C8282AC1C400E18E46 /* PBXContainerItemProxy */ = {
			isa = PBXContainerItemProxy;
			containerPortal = 19EC74A5282AC1C300E18E46 /* Project object */;
			proxyType = 1;
			remoteGlobalIDString = 19EC74AC282AC1C300E18E46;
			remoteInfo = MyApp_v1;
		};
/* End PBXContainerItemProxy section */

/* Begin PBXFileReference section */
		19EC74AD282AC1C300E18E46 /* MyApp_v1.app */ = {isa = PBXFileReference; explicitFileType = wrapper.application; includeInIndex = 0; path = MyApp_v1.app; sourceTree = BUILT_PRODUCTS_DIR; };
		19EC74B0282AC1C300E18E46 /* MyApp_v1App.swift */ = {isa = PBXFileReference; lastKnownFileType = sourcecode.swift; path = MyApp_v1App.swift; sourceTree = "<group>"; };
		19EC74B2282AC1C300E18E46 /* ContentView.swift */ = {isa = PBXFileReference; lastKnownFileType = sourcecode.swift; path = ContentView.swift; sourceTree = "<group>"; };
		19EC74B4282AC1C400E18E46 /* Assets.xcassets */ = {isa = PBXFileReference; lastKnownFileType = folder.assetcatalog; path = Assets.xcassets; sourceTree = "<group>"; };
		19EC74B7282AC1C400E18E46 /* Preview Assets.xcassets */ = {isa = PBXFileReference; lastKnownFileType = folder.assetcatalog; path = "Preview Assets.xcassets"; sourceTree = "<group>"; };
		19EC74BD282AC1C400E18E46 /* MyApp_v1Tests.xctest */ = {isa = PBXFileReference; explicitFileType = wrapper.cfbundle; includeInIndex = 0; path = MyApp_v1Tests.xctest; sourceTree = BUILT_PRODUCTS_DIR; };
		19EC74C1282AC1C400E18E46 /* MyApp_v1Tests.swift */ = {isa = PBXFileReference; lastKnownFileType = sourcecode.swift; path = MyApp_v1Tests.swift; sourceTree = "<group>"; };
		19EC74C7282AC1C400E18E46 /* MyApp_v1UITests.xctest */ = {isa = PBXFileReference; explicitFileType = wrapper.cfbundle; includeInIndex = 0; path = MyApp_v1UITests.xctest; sourceTree = BUILT_PRODUCTS_DIR; };
		19EC74CB282AC1C400E18E46 /* MyApp_v1UITests.swift */ = {isa = PBXFileReference; lastKnownFileType = sourcecode.swift; path = MyApp_v1UITests.swift; sourceTree = "<group>"; };
		19EC74CD282AC1C400E18E46 /* MyApp_v1UITestsLaunchTests.swift */ = {isa = PBXFileReference; lastKnownFileType = sourcecode.swift; path = MyApp_v1UITestsLaunchTests.swift; sourceTree = "<group>"; };
/* End PBXFileReference section */

/* Begin PBXFrameworksBuildPhase section */
		19EC74AA282AC1C300E18E46 /* Frameworks */ = {
			isa = PBXFrameworksBuildPhase;
			buildActionMask = 2147483647;
			files = (
			);
			runOnlyForDeploymentPostprocessing = 0;
		};
		19EC74BA282AC1C400E18E46 /* Frameworks */ = {
			isa = PBXFrameworksBuildPhase;
			buildActionMask = 2147483647;
			files = (
			);
			runOnlyForDeploymentPostprocessing = 0;
		};
		19EC74C4282AC1C400E18E46 /* Frameworks */ = {
			isa = PBXFrameworksBuildPhase;
			buildActionMask = 2147483647;
			files = (
			);
			runOnlyForDeploymentPostprocessing = 0;
		};
/* End PBXFrameworksBuildPhase section */

/* Begin PBXGroup section */
		19EC74A4282AC1C300E18E46 = {
			isa = PBXGroup;
			children = (
				19EC74AF282AC1C300E18E46 /* MyApp_v1 */,
				19EC74C0282AC1C400E18E46 /* MyApp_v1Tests */,
				19EC74CA282AC1C400E18E46 /* MyApp_v1UITests */,
				19EC74AE282AC1C300E18E46 /* Products */,
			);
			sourceTree = "<group>";
		};
		19EC74AE282AC1C300E18E46 /* Products */ = {
			isa = PBXGroup;
			children = (
				19EC74AD282AC1C300E18E46 /* MyApp_v1.app */,
				19EC74BD282AC1C400E18E46 /* MyApp_v1Tests.xctest */,
				19EC74C7282AC1C400E18E46 /* MyApp_v1UITests.xctest */,
			);
			name = Products;
			sourceTree = "<group>";
		};
		19EC74AF282AC1C300E18E46 /* MyApp_v1 */ = {
			isa = PBXGroup;
			children = (
				19EC74B0282AC1C300E18E46 /* MyApp_v1App.swift */,
				19EC74B2282AC1C300E18E46 /* ContentView.swift */,
				19EC74B4282AC1C400E18E46 /* Assets.xcassets */,
				19EC74B6282AC1C400E18E46 /* Preview Content */,
			);
			path = MyApp_v1;
			sourceTree = "<group>";
		};
		19EC74B6282AC1C400E18E46 /* Preview Content */ = {
			isa = PBXGroup;
			children = (
				19EC74B7282AC1C400E18E46 /* Preview Assets.xcassets */,
			);
			path = "Preview Content";
			sourceTree = "<group>";
		};
		19EC74C0282AC1C400E18E46 /* MyApp_v1Tests */ = {
			isa = PBXGroup;
			children = (
				19EC74C1282AC1C400E18E46 /* MyApp_v1Tests.swift */,
			);
			path = MyApp_v1Tests;
			sourceTree = "<group>";
		};
		19EC74CA282AC1C400E18E46 /* MyApp_v1UITests */ = {
			isa = PBXGroup;
			children = (
				19EC74CB282AC1C400E18E46 /* MyApp_v1UITests.swift */,
				19EC74CD282AC1C400E18E46 /* MyApp_v1UITestsLaunchTests.swift */,
			);
			path = MyApp_v1UITests;
			sourceTree = "<group>";
		};
/* End PBXGroup section */

/* Begin PBXNativeTarget section */
		19EC74AC282AC1C300E18E46 /* MyApp_v1 */ = {
			isa = PBXNativeTarget;
			buildConfigurationList = 19EC74D1282AC1C400E18E46 /* Build configuration list for PBXNativeTarget "MyApp_v1" */;
			buildPhases = (
				19EC74A9282AC1C300E18E46 /* Sources */,
				19EC74AA282AC1C300E18E46 /* Frameworks */,
				19EC74AB282AC1C300E18E46 /* Resources */,
			);
			buildRules = (
			);
			dependencies = (
			);
			name = MyApp_v1;
			productName = MyApp_v1;
			productReference = 19EC74AD282AC1C300E18E46 /* MyApp_v1.app */;
			productType = "com.apple.product-type.application";
		};
		19EC74BC282AC1C400E18E46 /* MyApp_v1Tests */ = {
			isa = PBXNativeTarget;
			buildConfigurationList = 19EC74D4282AC1C400E18E46 /* Build configuration list for PBXNativeTarget "MyApp_v1Tests" */;
			buildPhases = (
				19EC74B9282AC1C400E18E46 /* Sources */,
				19EC74BA282AC1C400E18E46 /* Frameworks */,
				19EC74BB282AC1C400E18E46 /* Resources */,
			);
			buildRules = (
			);
			dependencies = (
				19EC74BF282AC1C400E18E46 /* PBXTargetDependency */,
			);
			name = MyApp_v1Tests;
			productName = MyApp_v1Tests;
			productReference = 19EC74BD282AC1C400E18E46 /* MyApp_v1Tests.xctest */;
			productType = "com.apple.product-type.bundle.unit-test";
		};
		19EC74C6282AC1C400E18E46 /* MyApp_v1UITests */ = {
			isa = PBXNativeTarget;
			buildConfigurationList = 19EC74D7282AC1C400E18E46 /* Build configuration list for PBXNativeTarget "MyApp_v1UITests" */;
			buildPhases = (
				19EC74C3282AC1C400E18E46 /* Sources */,
				19EC74C4282AC1C400E18E46 /* Frameworks */,
				19EC74C5282AC1C400E18E46 /* Resources */,
			);
			buildRules = (
			);
			dependencies = (
				19EC74C9282AC1C400E18E46 /* PBXTargetDependency */,
			);
			name = MyApp_v1UITests;
			productName = MyApp_v1UITests;
			productReference = 19EC74C7282AC1C400E18E46 /* MyApp_v1UITests.xctest */;
			productType = "com.apple.product-type.bundle.ui-testing";
		};
/* End PBXNativeTarget section */

/* Begin PBXProject section */
		19EC74A5282AC1C300E18E46 /* Project object */ = {
			isa = PBXProject;
			attributes = {
				BuildIndependentTargetsInParallel = 1;
				LastSwiftUpdateCheck = 1330;
				LastUpgradeCheck = 1330;
				TargetAttributes = {
					19EC74AC282AC1C300E18E46 = {
						CreatedOnToolsVersion = 13.3;
					};
					19EC74BC282AC1C400E18E46 = {
						CreatedOnToolsVersion = 13.3;
						TestTargetID = 19EC74AC282AC1C300E18E46;
					};
					19EC74C6282AC1C400E18E46 = {
						CreatedOnToolsVersion = 13.3;
						TestTargetID = 19EC74AC282AC1C300E18E46;
					};
				};
			};
			buildConfigurationList = 19EC74A8282AC1C300E18E46 /* Build configuration list for PBXProject "MyApp_v1" */;
			compatibilityVersion = "Xcode 13.0";
			developmentRegion = en;
			hasScannedForEncodings = 0;
			knownRegions = (
				en,
				Base,
			);
			mainGroup = 19EC74A4282AC1C300E18E46;
			productRefGroup = 19EC74AE282AC1C300E18E46 /* Products */;
			projectDirPath = "";
			projectRoot = "";
			targets = (
				19EC74AC282AC1C300E18E46 /* MyApp_v1 */,
				19EC74BC282AC1C400E18E46 /* MyApp_v1Tests */,
				19EC74C6282AC1C400E18E46 /* MyApp_v1UITests */,
			);
		};
/* End PBXProject section */

/* Begin PBXResourcesBuildPhase section */
		19EC74AB282AC1C300E18E46 /* Resources */ = {
			isa = PBXResourcesBuildPhase;
			buildActionMask = 2147483647;
			files = (
				19EC74B8282AC1C400E18E46 /* Preview Assets.xcassets in Resources */,
				19EC74B5282AC1C400E18E46 /* Assets.xcassets in Resources */,
			);
			runOnlyForDeploymentPostprocessing = 0;
		};
		19EC74BB282AC1C400E18E46 /* Resources */ = {
			isa = PBXResourcesBuildPhase;
			buildActionMask = 2147483647;
			files = (
			);
			runOnlyForDeploymentPostprocessing = 0;
		};
		19EC74C5282AC1C400E18E46 /* Resources */ = {
			isa = PBXResourcesBuildPhase;
			buildActionMask = 2147483647;
			files = (
			);
			runOnlyForDeploymentPostprocessing = 0;
		};
/* End PBXResourcesBuildPhase section */

/* Begin PBXSourcesBuildPhase section */
		19EC74A9282AC1C300E18E46 /* Sources */ = {
			isa = PBXSourcesBuildPhase;
			buildActionMask = 2147483647;
			files = (
				19EC74B3282AC1C300E18E46 /* ContentView.swift in Sources */,
				19EC74B1282AC1C300E18E46 /* MyApp_v1App.swift in Sources */,
			);
			runOnlyForDeploymentPostprocessing = 0;
		};
		19EC74B9282AC1C400E18E46 /* Sources */ = {
			isa = PBXSourcesBuildPhase;
			buildActionMask = 2147483647;
			files = (
				19EC74C2282AC1C400E18E46 /* MyApp_v1Tests.swift in Sources */,
			);
			runOnlyForDeploymentPostprocessing = 0;
		};
		19EC74C3282AC1C400E18E46 /* Sources */ = {
			isa = PBXSourcesBuildPhase;
			buildActionMask = 2147483647;
			files = (
				19EC74CE282AC1C400E18E46 /* MyApp_v1UITestsLaunchTests.swift in Sources */,
				19EC74CC282AC1C400E18E46 /* MyApp_v1UITests.swift in Sources */,
			);
			runOnlyForDeploymentPostprocessing = 0;
		};
/* End PBXSourcesBuildPhase section */

/* Begin PBXTargetDependency section */
		19EC74BF282AC1C400E18E46 /* PBXTargetDependency */ = {
			isa = PBXTargetDependency;
			target = 19EC74AC282AC1C300E18E46 /* MyApp_v1 */;
			targetProxy = 19EC74BE282AC1C400E18E46 /* PBXContainerItemProxy */;
		};
		19EC74C9282AC1C400E18E46 /* PBXTargetDependency */ = {
			isa = PBXTargetDependency;
			target = 19EC74AC282AC1C300E18E46 /* MyApp_v1 */;
			targetProxy = 19EC74C8282AC1C400E18E46 /* PBXContainerItemProxy */;
		};
/* End PBXTargetDependency section */

/* Begin XCBuildConfiguration section */
		19EC74CF282AC1C400E18E46 /* Debug */ = {
			isa = XCBuildConfiguration;
			buildSettings = {
				ALWAYS_SEARCH_USER_PATHS = NO;
				CLANG_ANALYZER_NONNULL = YES;
				CLANG_ANALYZER_NUMBER_OBJECT_CONVERSION = YES_AGGRESSIVE;
				CLANG_CXX_LANGUAGE_STANDARD = "gnu++17";
				CLANG_ENABLE_MODULES = YES;
				CLANG_ENABLE_OBJC_ARC = YES;
				CLANG_ENABLE_OBJC_WEAK = YES;
				CLANG_WARN_BLOCK_CAPTURE_AUTORELEASING = YES;
				CLANG_WARN_BOOL_CONVERSION = YES;
				CLANG_WARN_COMMA = YES;
				CLANG_WARN_CONSTANT_CONVERSION = YES;
				CLANG_WARN_DEPRECATED_OBJC_IMPLEMENTATIONS = YES;
				CLANG_WARN_DIRECT_OBJC_ISA_USAGE = YES_ERROR;
				CLANG_WARN_DOCUMENTATION_COMMENTS = YES;
				CLANG_WARN_EMPTY_BODY = YES;
				CLANG_WARN_ENUM_CONVERSION = YES;
				CLANG_WARN_INFINITE_RECURSION = YES;
				CLANG_WARN_INT_CONVERSION = YES;
				CLANG_WARN_NON_LITERAL_NULL_CONVERSION = YES;
				CLANG_WARN_OBJC_IMPLICIT_RETAIN_SELF = YES;
				CLANG_WARN_OBJC_LITERAL_CONVERSION = YES;
				CLANG_WARN_OBJC_ROOT_CLASS = YES_ERROR;
				CLANG_WARN_QUOTED_INCLUDE_IN_FRAMEWORK_HEADER = YES;
				CLANG_WARN_RANGE_LOOP_ANALYSIS = YES;
				CLANG_WARN_STRICT_PROTOTYPES = YES;
				CLANG_WARN_SUSPICIOUS_MOVE = YES;
				CLANG_WARN_UNGUARDED_AVAILABILITY = YES_AGGRESSIVE;
				CLANG_WARN_UNREACHABLE_CODE = YES;
				CLANG_WARN__DUPLICATE_METHOD_MATCH = YES;
				COPY_PHASE_STRIP = NO;
				DEBUG_INFORMATION_FORMAT = dwarf;
				ENABLE_STRICT_OBJC_MSGSEND = YES;
				ENABLE_TESTABILITY = YES;
				GCC_C_LANGUAGE_STANDARD = gnu11;
				GCC_DYNAMIC_NO_PIC = NO;
				GCC_NO_COMMON_BLOCKS = YES;
				GCC_OPTIMIZATION_LEVEL = 0;
				GCC_PREPROCESSOR_DEFINITIONS = (
					"DEBUG=1",
					"$(inherited)",
				);
				GCC_WARN_64_TO_32_BIT_CONVERSION = YES;
				GCC_WARN_ABOUT_RETURN_TYPE = YES_ERROR;
				GCC_WARN_UNDECLARED_SELECTOR = YES;
				GCC_WARN_UNINITIALIZED_AUTOS = YES_AGGRESSIVE;
				GCC_WARN_UNUSED_FUNCTION = YES;
				GCC_WARN_UNUSED_VARIABLE = YES;
				IPHONEOS_DEPLOYMENT_TARGET = 15.4;
				MTL_ENABLE_DEBUG_INFO = INCLUDE_SOURCE;
				MTL_FAST_MATH = YES;
				ONLY_ACTIVE_ARCH = YES;
				SDKROOT = iphoneos;
				SWIFT_ACTIVE_COMPILATION_CONDITIONS = DEBUG;
				SWIFT_OPTIMIZATION_LEVEL = "-Onone";
			};
			name = Debug;
		};
		19EC74D0282AC1C400E18E46 /* Release */ = {
			isa = XCBuildConfiguration;
			buildSettings = {
				ALWAYS_SEARCH_USER_PATHS = NO;
				CLANG_ANALYZER_NONNULL = YES;
				CLANG_ANALYZER_NUMBER_OBJECT_CONVERSION = YES_AGGRESSIVE;
				CLANG_CXX_LANGUAGE_STANDARD = "gnu++17";
				CLANG_ENABLE_MODULES = YES;
				CLANG_ENABLE_OBJC_ARC = YES;
				CLANG_ENABLE_OBJC_WEAK = YES;
				CLANG_WARN_BLOCK_CAPTURE_AUTORELEASING = YES;
				CLANG_WARN_BOOL_CONVERSION = YES;
				CLANG_WARN_COMMA = YES;
				CLANG_WARN_CONSTANT_CONVERSION = YES;
				CLANG_WARN_DEPRECATED_OBJC_IMPLEMENTATIONS = YES;
				CLANG_WARN_DIRECT_OBJC_ISA_USAGE = YES_ERROR;
				CLANG_WARN_DOCUMENTATION_COMMENTS = YES;
				CLANG_WARN_EMPTY_BODY = YES;
				CLANG_WARN_ENUM_CONVERSION = YES;
				CLANG_WARN_INFINITE_RECURSION = YES;
				CLANG_WARN_INT_CONVERSION = YES;
				CLANG_WARN_NON_LITERAL_NULL_CONVERSION = YES;
				CLANG_WARN_OBJC_IMPLICIT_RETAIN_SELF = YES;
				CLANG_WARN_OBJC_LITERAL_CONVERSION = YES;
				CLANG_WARN_OBJC_ROOT_CLASS = YES_ERROR;
				CLANG_WARN_QUOTED_INCLUDE_IN_FRAMEWORK_HEADER = YES;
				CLANG_WARN_RANGE_LOOP_ANALYSIS = YES;
				CLANG_WARN_STRICT_PROTOTYPES = YES;
				CLANG_WARN_SUSPICIOUS_MOVE = YES;
				CLANG_WARN_UNGUARDED_AVAILABILITY = YES_AGGRESSIVE;
				CLANG_WARN_UNREACHABLE_CODE = YES;
				CLANG_WARN__DUPLICATE_METHOD_MATCH = YES;
				COPY_PHASE_STRIP = NO;
				DEBUG_INFORMATION_FORMAT = "dwarf-with-dsym";
				ENABLE_NS_ASSERTIONS = NO;
				ENABLE_STRICT_OBJC_MSGSEND = YES;
				GCC_C_LANGUAGE_STANDARD = gnu11;
				GCC_NO_COMMON_BLOCKS = YES;
				GCC_WARN_64_TO_32_BIT_CONVERSION = YES;
				GCC_WARN_ABOUT_RETURN_TYPE = YES_ERROR;
				GCC_WARN_UNDECLARED_SELECTOR = YES;
				GCC_WARN_UNINITIALIZED_AUTOS = YES_AGGRESSIVE;
				GCC_WARN_UNUSED_FUNCTION = YES;
				GCC_WARN_UNUSED_VARIABLE = YES;
				IPHONEOS_DEPLOYMENT_TARGET = 15.4;
				MTL_ENABLE_DEBUG_INFO = NO;
				MTL_FAST_MATH = YES;
				SDKROOT = iphoneos;
				SWIFT_COMPILATION_MODE = wholemodule;
				SWIFT_OPTIMIZATION_LEVEL = "-O";
				VALIDATE_PRODUCT = YES;
			};
			name = Release;
		};
		19EC74D2282AC1C400E18E46 /* Debug */ = {
			isa = XCBuildConfiguration;
			buildSettings = {
				ASSETCATALOG_COMPILER_APPICON_NAME = AppIcon;
				ASSETCATALOG_COMPILER_GLOBAL_ACCENT_COLOR_NAME = AccentColor;
				CODE_SIGN_STYLE = Automatic;
				CURRENT_PROJECT_VERSION = 1;
				DEVELOPMENT_ASSET_PATHS = "\"MyApp_v1/Preview Content\"";
				DEVELOPMENT_TEAM = HNSKUL3WR3;
				ENABLE_PREVIEWS = YES;
				GENERATE_INFOPLIST_FILE = YES;
				INFOPLIST_KEY_UIApplicationSceneManifest_Generation = YES;
				INFOPLIST_KEY_UIApplicationSupportsIndirectInputEvents = YES;
				INFOPLIST_KEY_UILaunchScreen_Generation = YES;
				INFOPLIST_KEY_UISupportedInterfaceOrientations_iPad = "UIInterfaceOrientationPortrait UIInterfaceOrientationPortraitUpsideDown UIInterfaceOrientationLandscapeLeft UIInterfaceOrientationLandscapeRight";
				INFOPLIST_KEY_UISupportedInterfaceOrientations_iPhone = "UIInterfaceOrientationPortrait UIInterfaceOrientationLandscapeLeft UIInterfaceOrientationLandscapeRight";
				LD_RUNPATH_SEARCH_PATHS = (
					"$(inherited)",
					"@executable_path/Frameworks",
				);
				MARKETING_VERSION = 1.0;
				PRODUCT_BUNDLE_IDENTIFIER = "com.kkarpiak.MyApp-v1";
				PRODUCT_NAME = "$(TARGET_NAME)";
				SWIFT_EMIT_LOC_STRINGS = YES;
				SWIFT_VERSION = 5.0;
				TARGETED_DEVICE_FAMILY = "1,2";
			};
			name = Debug;
		};
		19EC74D3282AC1C400E18E46 /* Release */ = {
			isa = XCBuildConfiguration;
			buildSettings = {
				ASSETCATALOG_COMPILER_APPICON_NAME = AppIcon;
				ASSETCATALOG_COMPILER_GLOBAL_ACCENT_COLOR_NAME = AccentColor;
				CODE_SIGN_STYLE = Automatic;
				CURRENT_PROJECT_VERSION = 1;
				DEVELOPMENT_ASSET_PATHS = "\"MyApp_v1/Preview Content\"";
				DEVELOPMENT_TEAM = HNSKUL3WR3;
				ENABLE_PREVIEWS = YES;
				GENERATE_INFOPLIST_FILE = YES;
				INFOPLIST_KEY_UIApplicationSceneManifest_Generation = YES;
				INFOPLIST_KEY_UIApplicationSupportsIndirectInputEvents = YES;
				INFOPLIST_KEY_UILaunchScreen_Generation = YES;
				INFOPLIST_KEY_UISupportedInterfaceOrientations_iPad = "UIInterfaceOrientationPortrait UIInterfaceOrientationPortraitUpsideDown UIInterfaceOrientationLandscapeLeft UIInterfaceOrientationLandscapeRight";
				INFOPLIST_KEY_UISupportedInterfaceOrientations_iPhone = "UIInterfaceOrientationPortrait UIInterfaceOrientationLandscapeLeft UIInterfaceOrientationLandscapeRight";
				LD_RUNPATH_SEARCH_PATHS = (
					"$(inherited)",
					"@executable_path/Frameworks",
				);
				MARKETING_VERSION = 1.0;
				PRODUCT_BUNDLE_IDENTIFIER = "com.kkarpiak.MyApp-v1";
				PRODUCT_NAME = "$(TARGET_NAME)";
				SWIFT_EMIT_LOC_STRINGS = YES;
				SWIFT_VERSION = 5.0;
				TARGETED_DEVICE_FAMILY = "1,2";
			};
			name = Release;
		};
		19EC74D5282AC1C400E18E46 /* Debug */ = {
			isa = XCBuildConfiguration;
			buildSettings = {
				ALWAYS_EMBED_SWIFT_STANDARD_LIBRARIES = YES;
				BUNDLE_LOADER = "$(TEST_HOST)";
				CODE_SIGN_STYLE = Automatic;
				CURRENT_PROJECT_VERSION = 1;
				DEVELOPMENT_TEAM = HNSKUL3WR3;
				GENERATE_INFOPLIST_FILE = YES;
				IPHONEOS_DEPLOYMENT_TARGET = 15.4;
				MARKETING_VERSION = 1.0;
				PRODUCT_BUNDLE_IDENTIFIER = "com.kkarpiak.MyApp-v1Tests";
				PRODUCT_NAME = "$(TARGET_NAME)";
				SWIFT_EMIT_LOC_STRINGS = NO;
				SWIFT_VERSION = 5.0;
				TARGETED_DEVICE_FAMILY = "1,2";
				TEST_HOST = "$(BUILT_PRODUCTS_DIR)/MyApp_v1.app/MyApp_v1";
			};
			name = Debug;
		};
		19EC74D6282AC1C400E18E46 /* Release */ = {
			isa = XCBuildConfiguration;
			buildSettings = {
				ALWAYS_EMBED_SWIFT_STANDARD_LIBRARIES = YES;
				BUNDLE_LOADER = "$(TEST_HOST)";
				CODE_SIGN_STYLE = Automatic;
				CURRENT_PROJECT_VERSION = 1;
				DEVELOPMENT_TEAM = HNSKUL3WR3;
				GENERATE_INFOPLIST_FILE = YES;
				IPHONEOS_DEPLOYMENT_TARGET = 15.4;
				MARKETING_VERSION = 1.0;
				PRODUCT_BUNDLE_IDENTIFIER = "com.kkarpiak.MyApp-v1Tests";
				PRODUCT_NAME = "$(TARGET_NAME)";
				SWIFT_EMIT_LOC_STRINGS = NO;
				SWIFT_VERSION = 5.0;
				TARGETED_DEVICE_FAMILY = "1,2";
				TEST_HOST = "$(BUILT_PRODUCTS_DIR)/MyApp_v1.app/MyApp_v1";
			};
			name = Release;
		};
		19EC74D8282AC1C400E18E46 /* Debug */ = {
			isa = XCBuildConfiguration;
			buildSettings = {
				ALWAYS_EMBED_SWIFT_STANDARD_LIBRARIES = YES;
				CODE_SIGN_STYLE = Automatic;
				CURRENT_PROJECT_VERSION = 1;
				DEVELOPMENT_TEAM = HNSKUL3WR3;
				GENERATE_INFOPLIST_FILE = YES;
				MARKETING_VERSION = 1.0;
				PRODUCT_BUNDLE_IDENTIFIER = "com.kkarpiak.MyApp-v1UITests";
				PRODUCT_NAME = "$(TARGET_NAME)";
				SWIFT_EMIT_LOC_STRINGS = NO;
				SWIFT_VERSION = 5.0;
				TARGETED_DEVICE_FAMILY = "1,2";
				TEST_TARGET_NAME = MyApp_v1;
			};
			name = Debug;
		};
		19EC74D9282AC1C400E18E46 /* Release */ = {
			isa = XCBuildConfiguration;
			buildSettings = {
				ALWAYS_EMBED_SWIFT_STANDARD_LIBRARIES = YES;
				CODE_SIGN_STYLE = Automatic;
				CURRENT_PROJECT_VERSION = 1;
				DEVELOPMENT_TEAM = HNSKUL3WR3;
				GENERATE_INFOPLIST_FILE = YES;
				MARKETING_VERSION = 1.0;
				PRODUCT_BUNDLE_IDENTIFIER = "com.kkarpiak.MyApp-v1UITests";
				PRODUCT_NAME = "$(TARGET_NAME)";
				SWIFT_EMIT_LOC_STRINGS = NO;
				SWIFT_VERSION = 5.0;
				TARGETED_DEVICE_FAMILY = "1,2";
				TEST_TARGET_NAME = MyApp_v1;
			};
			name = Release;
		};
/* End XCBuildConfiguration section */

/* Begin XCConfigurationList section */
		19EC74A8282AC1C300E18E46 /* Build configuration list for PBXProject "MyApp_v1" */ = {
			isa = XCConfigurationList;
			buildConfigurations = (
				19EC74CF282AC1C400E18E46 /* Debug */,
				19EC74D0282AC1C400E18E46 /* Release */,
			);
			defaultConfigurationIsVisible = 0;
			defaultConfigurationName = Release;
		};
		19EC74D1282AC1C400E18E46 /* Build configuration list for PBXNativeTarget "MyApp_v1" */ = {
			isa = XCConfigurationList;
			buildConfigurations = (
				19EC74D2282AC1C400E18E46 /* Debug */,
				19EC74D3282AC1C400E18E46 /* Release */,
			);
			defaultConfigurationIsVisible = 0;
			defaultConfigurationName = Release;
		};
		19EC74D4282AC1C400E18E46 /* Build configuration list for PBXNativeTarget "MyApp_v1Tests" */ = {
			isa = XCConfigurationList;
			buildConfigurations = (
				19EC74D5282AC1C400E18E46 /* Debug */,
				19EC74D6282AC1C400E18E46 /* Release */,
			);
			defaultConfigurationIsVisible = 0;
			defaultConfigurationName = Release;
		};
		19EC74D7282AC1C400E18E46 /* Build configuration list for PBXNativeTarget "MyApp_v1UITests" */ = {
			isa = XCConfigurationList;
			buildConfigurations = (
				19EC74D8282AC1C400E18E46 /* Debug */,
				19EC74D9282AC1C400E18E46 /* Release */,
			);
			defaultConfigurationIsVisible = 0;
			defaultConfigurationName = Release;
		};
/* End XCConfigurationList section */
	};
	rootObject = 19EC74A5282AC1C300E18E46 /* Project object */;
}
