// !$*UTF8*$!
{
	archiveVersion = 1;
	classes = {
	};
	objectVersion = 55;
	objects = {

/* Begin PBXBuildFile section */
		191CB102283E8ECA00D6A188 /* SwitchView.swift in Sources */ = {isa = PBXBuildFile; fileRef = 191CB101283E8ECA00D6A188 /* SwitchView.swift */; };
		194AEE1E28438443003C47DE /* AboutMeMainView.swift in Sources */ = {isa = PBXBuildFile; fileRef = 194AEE1D28438443003C47DE /* AboutMeMainView.swift */; };
		194AEE202843845C003C47DE /* EducationMainView.swift in Sources */ = {isa = PBXBuildFile; fileRef = 194AEE1F2843845C003C47DE /* EducationMainView.swift */; };
		194AEE222843853C003C47DE /* CareerMainView.swift in Sources */ = {isa = PBXBuildFile; fileRef = 194AEE212843853C003C47DE /* CareerMainView.swift */; };
		194AEE2428438552003C47DE /* MyProjectMainView.swift in Sources */ = {isa = PBXBuildFile; fileRef = 194AEE2328438552003C47DE /* MyProjectMainView.swift */; };
		194AEE262843856B003C47DE /* HobbyMainView.swift in Sources */ = {isa = PBXBuildFile; fileRef = 194AEE252843856B003C47DE /* HobbyMainView.swift */; };
		194AEE2828438593003C47DE /* PlacesVisitedMainView.swift in Sources */ = {isa = PBXBuildFile; fileRef = 194AEE2728438593003C47DE /* PlacesVisitedMainView.swift */; };
		19A4995D286A45CE0027D4E8 /* TileEducationView.swift in Sources */ = {isa = PBXBuildFile; fileRef = 19A4995C286A45CE0027D4E8 /* TileEducationView.swift */; };
		19DB35B7284E842600236177 /* ExtensionApp.swift in Sources */ = {isa = PBXBuildFile; fileRef = 19DB35B6284E842600236177 /* ExtensionApp.swift */; };
		19DB35BA284E938900236177 /* PersonModel.swift in Sources */ = {isa = PBXBuildFile; fileRef = 19DB35B9284E938900236177 /* PersonModel.swift */; };
		19DF540F2858F2820031517D /* CardBackgroundView.swift in Sources */ = {isa = PBXBuildFile; fileRef = 19DF540E2858F2820031517D /* CardBackgroundView.swift */; };
		19EC74B1282AC1C300E18E46 /* MyApp_v1App.swift in Sources */ = {isa = PBXBuildFile; fileRef = 19EC74B0282AC1C300E18E46 /* MyApp_v1App.swift */; };
		19EC74B3282AC1C300E18E46 /* ContentView.swift in Sources */ = {isa = PBXBuildFile; fileRef = 19EC74B2282AC1C300E18E46 /* ContentView.swift */; };
		19EC74B5282AC1C400E18E46 /* Assets.xcassets in Resources */ = {isa = PBXBuildFile; fileRef = 19EC74B4282AC1C400E18E46 /* Assets.xcassets */; };
		19EC74B8282AC1C400E18E46 /* Preview Assets.xcassets in Resources */ = {isa = PBXBuildFile; fileRef = 19EC74B7282AC1C400E18E46 /* Preview Assets.xcassets */; };
		19EC74C2282AC1C400E18E46 /* MyApp_v1Tests.swift in Sources */ = {isa = PBXBuildFile; fileRef = 19EC74C1282AC1C400E18E46 /* MyApp_v1Tests.swift */; };
		19EC74CC282AC1C400E18E46 /* MyApp_v1UITests.swift in Sources */ = {isa = PBXBuildFile; fileRef = 19EC74CB282AC1C400E18E46 /* MyApp_v1UITests.swift */; };
		19EC74CE282AC1C400E18E46 /* MyApp_v1UITestsLaunchTests.swift in Sources */ = {isa = PBXBuildFile; fileRef = 19EC74CD282AC1C400E18E46 /* MyApp_v1UITestsLaunchTests.swift */; };
		19EC74DB282AC20000E18E46 /* MenuBackGroundView.swift in Sources */ = {isa = PBXBuildFile; fileRef = 19EC74DA282AC20000E18E46 /* MenuBackGroundView.swift */; };
		19EC74DD282AC27E00E18E46 /* MenuContentView.swift in Sources */ = {isa = PBXBuildFile; fileRef = 19EC74DC282AC27E00E18E46 /* MenuContentView.swift */; };
		19EC74DF282C3AEF00E18E46 /* MenuView.swift in Sources */ = {isa = PBXBuildFile; fileRef = 19EC74DE282C3AEF00E18E46 /* MenuView.swift */; };
		19EC74E1282C3D2800E18E46 /* TestView.swift in Sources */ = {isa = PBXBuildFile; fileRef = 19EC74E0282C3D2800E18E46 /* TestView.swift */; };
		19F0304B2872FB8600CC2A0C /* EducationSheetView.swift in Sources */ = {isa = PBXBuildFile; fileRef = 19F0304A2872FB8600CC2A0C /* EducationSheetView.swift */; };
		19F0304D28731E8D00CC2A0C /* AddedEducationView.swift in Sources */ = {isa = PBXBuildFile; fileRef = 19F0304C28731E8D00CC2A0C /* AddedEducationView.swift */; };
/* End PBXBuildFile section */

/* Begin PBXContainerItemProxy section */
		19EC74BE282AC1C400E18E46 /* PBXContainerItemProxy */ = {
			isa = PBXContainerItemProxy;
			containerPortal = 19EC74A5282AC1C300E18E46 /* Project object */;
			proxyType = 1;
			remoteGlobalIDString = 19EC74AC282AC1C300E18E46;
			remoteInfo = MyApp_v1;
		};
		19EC74C8282AC1C400E18E46 /* PBXContainerItemProxy */ = {
			isa = PBXContainerItemProxy;
			containerPortal = 19EC74A5282AC1C300E18E46 /* Project object */;
			proxyType = 1;
			remoteGlobalIDString = 19EC74AC282AC1C300E18E46;
			remoteInfo = MyApp_v1;
		};
/* End PBXContainerItemProxy section */

/* Begin PBXFileReference section */
		191CB101283E8ECA00D6A188 /* SwitchView.swift */ = {isa = PBXFileReference; lastKnownFileType = sourcecode.swift; path = SwitchView.swift; sourceTree = "<group>"; };
		194AEE1D28438443003C47DE /* AboutMeMainView.swift */ = {isa = PBXFileReference; lastKnownFileType = sourcecode.swift; path = AboutMeMainView.swift; sourceTree = "<group>"; };
		194AEE1F2843845C003C47DE /* EducationMainView.swift */ = {isa = PBXFileReference; lastKnownFileType = sourcecode.swift; path = EducationMainView.swift; sourceTree = "<group>"; };
		194AEE212843853C003C47DE /* CareerMainView.swift */ = {isa = PBXFileReference; lastKnownFileType = sourcecode.swift; path = CareerMainView.swift; sourceTree = "<group>"; };
		194AEE2328438552003C47DE /* MyProjectMainView.swift */ = {isa = PBXFileReference; lastKnownFileType = sourcecode.swift; path = MyProjectMainView.swift; sourceTree = "<group>"; };
		194AEE252843856B003C47DE /* HobbyMainView.swift */ = {isa = PBXFileReference; lastKnownFileType = sourcecode.swift; path = HobbyMainView.swift; sourceTree = "<group>"; };
		194AEE2728438593003C47DE /* PlacesVisitedMainView.swift */ = {isa = PBXFileReference; lastKnownFileType = sourcecode.swift; path = PlacesVisitedMainView.swift; sourceTree = "<group>"; };
		19A4995C286A45CE0027D4E8 /* TileEducationView.swift */ = {isa = PBXFileReference; lastKnownFileType = sourcecode.swift; path = TileEducationView.swift; sourceTree = "<group>"; };
		19DB35B6284E842600236177 /* ExtensionApp.swift */ = {isa = PBXFileReference; lastKnownFileType = sourcecode.swift; path = ExtensionApp.swift; sourceTree = "<group>"; };
		19DB35B9284E938900236177 /* PersonModel.swift */ = {isa = PBXFileReference; lastKnownFileType = sourcecode.swift; path = PersonModel.swift; sourceTree = "<group>"; };
		19DF540E2858F2820031517D /* CardBackgroundView.swift */ = {isa = PBXFileReference; lastKnownFileType = sourcecode.swift; path = CardBackgroundView.swift; sourceTree = "<group>"; };
		19DF5411285904F50031517D /* hamburger_menu.riv */ = {isa = PBXFileReference; lastKnownFileType = file; path = hamburger_menu.riv; sourceTree = "<group>"; };
		19DF541328590FA80031517D /* animheartbeat.riv */ = {isa = PBXFileReference; lastKnownFileType = file; path = animheartbeat.riv; sourceTree = "<group>"; };
		19EC74AD282AC1C300E18E46 /* MyApp_v1.app */ = {isa = PBXFileReference; explicitFileType = wrapper.application; includeInIndex = 0; path = MyApp_v1.app; sourceTree = BUILT_PRODUCTS_DIR; };
		19EC74B0282AC1C300E18E46 /* MyApp_v1App.swift */ = {isa = PBXFileReference; lastKnownFileType = sourcecode.swift; path = MyApp_v1App.swift; sourceTree = "<group>"; };
		19EC74B2282AC1C300E18E46 /* ContentView.swift */ = {isa = PBXFileReference; lastKnownFileType = sourcecode.swift; path = ContentView.swift; sourceTree = "<group>"; };
		19EC74B4282AC1C400E18E46 /* Assets.xcassets */ = {isa = PBXFileReference; lastKnownFileType = folder.assetcatalog; path = Assets.xcassets; sourceTree = "<group>"; };
		19EC74B7282AC1C400E18E46 /* Preview Assets.xcassets */ = {isa = PBXFileReference; lastKnownFileType = folder.assetcatalog; path = "Preview Assets.xcassets"; sourceTree = "<group>"; };
		19EC74BD282AC1C400E18E46 /* MyApp_v1Tests.xctest */ = {isa = PBXFileReference; explicitFileType = wrapper.cfbundle; includeInIndex = 0; path = MyApp_v1Tests.xctest; sourceTree = BUILT_PRODUCTS_DIR; };
		19EC74C1282AC1C400E18E46 /* MyApp_v1Tests.swift */ = {isa = PBXFileReference; lastKnownFileType = sourcecode.swift; path = MyApp_v1Tests.swift; sourceTree = "<group>"; };
		19EC74C7282AC1C400E18E46 /* MyApp_v1UITests.xctest */ = {isa = PBXFileReference; explicitFileType = wrapper.cfbundle; includeInIndex = 0; path = MyApp_v1UITests.xctest; sourceTree = BUILT_PRODUCTS_DIR; };
		19EC74CB282AC1C400E18E46 /* MyApp_v1UITests.swift */ = {isa = PBXFileReference; lastKnownFileType = sourcecode.swift; path = MyApp_v1UITests.swift; sourceTree = "<group>"; };
		19EC74CD282AC1C400E18E46 /* MyApp_v1UITestsLaunchTests.swift */ = {isa = PBXFileReference; lastKnownFileType = sourcecode.swift; path = MyApp_v1UITestsLaunchTests.swift; sourceTree = "<group>"; };
		19EC74DA282AC20000E18E46 /* MenuBackGroundView.swift */ = {isa = PBXFileReference; lastKnownFileType = sourcecode.swift; path = MenuBackGroundView.swift; sourceTree = "<group>"; };
		19EC74DC282AC27E00E18E46 /* MenuContentView.swift */ = {isa = PBXFileReference; lastKnownFileType = sourcecode.swift; path = MenuContentView.swift; sourceTree = "<group>"; };
		19EC74DE282C3AEF00E18E46 /* MenuView.swift */ = {isa = PBXFileReference; lastKnownFileType = sourcecode.swift; path = MenuView.swift; sourceTree = "<group>"; };
		19EC74E0282C3D2800E18E46 /* TestView.swift */ = {isa = PBXFileReference; lastKnownFileType = sourcecode.swift; path = TestView.swift; sourceTree = "<group>"; };
		19F0304A2872FB8600CC2A0C /* EducationSheetView.swift */ = {isa = PBXFileReference; lastKnownFileType = sourcecode.swift; path = EducationSheetView.swift; sourceTree = "<group>"; };
		19F0304C28731E8D00CC2A0C /* AddedEducationView.swift */ = {isa = PBXFileReference; lastKnownFileType = sourcecode.swift; path = AddedEducationView.swift; sourceTree = "<group>"; };
/* End PBXFileReference section */

/* Begin PBXFrameworksBuildPhase section */
		19EC74AA282AC1C300E18E46 /* Frameworks */ = {
			isa = PBXFrameworksBuildPhase;
			buildActionMask = 2147483647;
			files = (
			);
			runOnlyForDeploymentPostprocessing = 0;
		};
		19EC74BA282AC1C400E18E46 /* Frameworks */ = {
			isa = PBXFrameworksBuildPhase;
			buildActionMask = 2147483647;
			files = (
			);
			runOnlyForDeploymentPostprocessing = 0;
		};
		19EC74C4282AC1C400E18E46 /* Frameworks */ = {
			isa = PBXFrameworksBuildPhase;
			buildActionMask = 2147483647;
			files = (
			);
			runOnlyForDeploymentPostprocessing = 0;
		};
/* End PBXFrameworksBuildPhase section */

/* Begin PBXGroup section */
		191CB0FD283E8D0200D6A188 /* Menu */ = {
			isa = PBXGroup;
			children = (
				19EC74DC282AC27E00E18E46 /* MenuContentView.swift */,
				19EC74DE282C3AEF00E18E46 /* MenuView.swift */,
				19EC74DA282AC20000E18E46 /* MenuBackGroundView.swift */,
			);
			path = Menu;
			sourceTree = "<group>";
		};
		191CB0FE283E8D4C00D6A188 /* Model */ = {
			isa = PBXGroup;
			children = (
			);
			path = Model;
			sourceTree = "<group>";
		};
		191CB0FF283E8D5100D6A188 /* ViewModel */ = {
			isa = PBXGroup;
			children = (
			);
			path = ViewModel;
			sourceTree = "<group>";
		};
		191CB100283E8D5A00D6A188 /* View */ = {
			isa = PBXGroup;
			children = (
				19DF540D2858F1C40031517D /* OtherView */,
				19DB35B8284E937400236177 /* Model */,
				194AEE17284383BE003C47DE /* AboutMe */,
				194AEE18284383CC003C47DE /* Education */,
				194AEE19284383D6003C47DE /* Career */,
				194AEE1A284383DE003C47DE /* MyProject */,
				194AEE1B284383F7003C47DE /* Hobby */,
				194AEE1C28438404003C47DE /* PlacesVisited */,
				191CB0FD283E8D0200D6A188 /* Menu */,
				19EC74B2282AC1C300E18E46 /* ContentView.swift */,
				19EC74E0282C3D2800E18E46 /* TestView.swift */,
				191CB101283E8ECA00D6A188 /* SwitchView.swift */,
			);
			path = View;
			sourceTree = "<group>";
		};
		194AEE17284383BE003C47DE /* AboutMe */ = {
			isa = PBXGroup;
			children = (
				194AEE1D28438443003C47DE /* AboutMeMainView.swift */,
			);
			path = AboutMe;
			sourceTree = "<group>";
		};
		194AEE18284383CC003C47DE /* Education */ = {
			isa = PBXGroup;
			children = (
				194AEE1F2843845C003C47DE /* EducationMainView.swift */,
				19A4995C286A45CE0027D4E8 /* TileEducationView.swift */,
				19F0304A2872FB8600CC2A0C /* EducationSheetView.swift */,
				19F0304C28731E8D00CC2A0C /* AddedEducationView.swift */,
			);
			path = Education;
			sourceTree = "<group>";
		};
		194AEE19284383D6003C47DE /* Career */ = {
			isa = PBXGroup;
			children = (
				194AEE212843853C003C47DE /* CareerMainView.swift */,
			);
			path = Career;
			sourceTree = "<group>";
		};
		194AEE1A284383DE003C47DE /* MyProject */ = {
			isa = PBXGroup;
			children = (
				194AEE2328438552003C47DE /* MyProjectMainView.swift */,
			);
			path = MyProject;
			sourceTree = "<group>";
		};
		194AEE1B284383F7003C47DE /* Hobby */ = {
			isa = PBXGroup;
			children = (
				194AEE252843856B003C47DE /* HobbyMainView.swift */,
			);
			path = Hobby;
			sourceTree = "<group>";
		};
		194AEE1C28438404003C47DE /* PlacesVisited */ = {
			isa = PBXGroup;
			children = (
				194AEE2728438593003C47DE /* PlacesVisitedMainView.swift */,
			);
			path = PlacesVisited;
			sourceTree = "<group>";
		};
		19DB35B8284E937400236177 /* Model */ = {
			isa = PBXGroup;
			children = (
				19DB35B9284E938900236177 /* PersonModel.swift */,
			);
			path = Model;
			sourceTree = "<group>";
		};
		19DF540D2858F1C40031517D /* OtherView */ = {
			isa = PBXGroup;
			children = (
				19DF540E2858F2820031517D /* CardBackgroundView.swift */,
			);
			path = OtherView;
			sourceTree = "<group>";
		};
		19DF5410285904160031517D /* RiveAssets */ = {
			isa = PBXGroup;
			children = (
				19DF5411285904F50031517D /* hamburger_menu.riv */,
			);
			path = RiveAssets;
			sourceTree = "<group>";
		};
		19EC74A4282AC1C300E18E46 = {
			isa = PBXGroup;
			children = (
				19EC74AF282AC1C300E18E46 /* MyApp_v1 */,
				19EC74C0282AC1C400E18E46 /* MyApp_v1Tests */,
				19EC74CA282AC1C400E18E46 /* MyApp_v1UITests */,
				19EC74AE282AC1C300E18E46 /* Products */,
			);
			sourceTree = "<group>";
		};
		19EC74AE282AC1C300E18E46 /* Products */ = {
			isa = PBXGroup;
			children = (
				19EC74AD282AC1C300E18E46 /* MyApp_v1.app */,
				19EC74BD282AC1C400E18E46 /* MyApp_v1Tests.xctest */,
				19EC74C7282AC1C400E18E46 /* MyApp_v1UITests.xctest */,
			);
			name = Products;
			sourceTree = "<group>";
		};
		19EC74AF282AC1C300E18E46 /* MyApp_v1 */ = {
			isa = PBXGroup;
			children = (
				19DF541328590FA80031517D /* animheartbeat.riv */,
				19EC74B0282AC1C300E18E46 /* MyApp_v1App.swift */,
				191CB100283E8D5A00D6A188 /* View */,
				191CB0FF283E8D5100D6A188 /* ViewModel */,
				191CB0FE283E8D4C00D6A188 /* Model */,
				19EC74B4282AC1C400E18E46 /* Assets.xcassets */,
				19DF5410285904160031517D /* RiveAssets */,
				19EC74B6282AC1C400E18E46 /* Preview Content */,
				19DB35B6284E842600236177 /* ExtensionApp.swift */,
			);
			path = MyApp_v1;
			sourceTree = "<group>";
		};
		19EC74B6282AC1C400E18E46 /* Preview Content */ = {
			isa = PBXGroup;
			children = (
				19EC74B7282AC1C400E18E46 /* Preview Assets.xcassets */,
			);
			path = "Preview Content";
			sourceTree = "<group>";
		};
		19EC74C0282AC1C400E18E46 /* MyApp_v1Tests */ = {
			isa = PBXGroup;
			children = (
				19EC74C1282AC1C400E18E46 /* MyApp_v1Tests.swift */,
			);
			path = MyApp_v1Tests;
			sourceTree = "<group>";
		};
		19EC74CA282AC1C400E18E46 /* MyApp_v1UITests */ = {
			isa = PBXGroup;
			children = (
				19EC74CB282AC1C400E18E46 /* MyApp_v1UITests.swift */,
				19EC74CD282AC1C400E18E46 /* MyApp_v1UITestsLaunchTests.swift */,
			);
			path = MyApp_v1UITests;
			sourceTree = "<group>";
		};
/* End PBXGroup section */

/* Begin PBXNativeTarget section */
		19EC74AC282AC1C300E18E46 /* MyApp_v1 */ = {
			isa = PBXNativeTarget;
			buildConfigurationList = 19EC74D1282AC1C400E18E46 /* Build configuration list for PBXNativeTarget "MyApp_v1" */;
			buildPhases = (
				19EC74A9282AC1C300E18E46 /* Sources */,
				19EC74AA282AC1C300E18E46 /* Frameworks */,
				19EC74AB282AC1C300E18E46 /* Resources */,
			);
			buildRules = (
			);
			dependencies = (
			);
			name = MyApp_v1;
			packageProductDependencies = (
			);
			productName = MyApp_v1;
			productReference = 19EC74AD282AC1C300E18E46 /* MyApp_v1.app */;
			productType = "com.apple.product-type.application";
		};
		19EC74BC282AC1C400E18E46 /* MyApp_v1Tests */ = {
			isa = PBXNativeTarget;
			buildConfigurationList = 19EC74D4282AC1C400E18E46 /* Build configuration list for PBXNativeTarget "MyApp_v1Tests" */;
			buildPhases = (
				19EC74B9282AC1C400E18E46 /* Sources */,
				19EC74BA282AC1C400E18E46 /* Frameworks */,
				19EC74BB282AC1C400E18E46 /* Resources */,
			);
			buildRules = (
			);
			dependencies = (
				19EC74BF282AC1C400E18E46 /* PBXTargetDependency */,
			);
			name = MyApp_v1Tests;
			productName = MyApp_v1Tests;
			productReference = 19EC74BD282AC1C400E18E46 /* MyApp_v1Tests.xctest */;
			productType = "com.apple.product-type.bundle.unit-test";
		};
		19EC74C6282AC1C400E18E46 /* MyApp_v1UITests */ = {
			isa = PBXNativeTarget;
			buildConfigurationList = 19EC74D7282AC1C400E18E46 /* Build configuration list for PBXNativeTarget "MyApp_v1UITests" */;
			buildPhases = (
				19EC74C3282AC1C400E18E46 /* Sources */,
				19EC74C4282AC1C400E18E46 /* Frameworks */,
				19EC74C5282AC1C400E18E46 /* Resources */,
			);
			buildRules = (
			);
			dependencies = (
				19EC74C9282AC1C400E18E46 /* PBXTargetDependency */,
			);
			name = MyApp_v1UITests;
			productName = MyApp_v1UITests;
			productReference = 19EC74C7282AC1C400E18E46 /* MyApp_v1UITests.xctest */;
			productType = "com.apple.product-type.bundle.ui-testing";
		};
/* End PBXNativeTarget section */

/* Begin PBXProject section */
		19EC74A5282AC1C300E18E46 /* Project object */ = {
			isa = PBXProject;
			attributes = {
				BuildIndependentTargetsInParallel = 1;
				LastSwiftUpdateCheck = 1330;
				LastUpgradeCheck = 1330;
				TargetAttributes = {
					19EC74AC282AC1C300E18E46 = {
						CreatedOnToolsVersion = 13.3;
					};
					19EC74BC282AC1C400E18E46 = {
						CreatedOnToolsVersion = 13.3;
						TestTargetID = 19EC74AC282AC1C300E18E46;
					};
					19EC74C6282AC1C400E18E46 = {
						CreatedOnToolsVersion = 13.3;
						TestTargetID = 19EC74AC282AC1C300E18E46;
					};
				};
			};
			buildConfigurationList = 19EC74A8282AC1C300E18E46 /* Build configuration list for PBXProject "MyApp_v1" */;
			compatibilityVersion = "Xcode 13.0";
			developmentRegion = en;
			hasScannedForEncodings = 0;
			knownRegions = (
				en,
				Base,
			);
			mainGroup = 19EC74A4282AC1C300E18E46;
			packageReferences = (
				19DB35B3284E7A3000236177 /* XCRemoteSwiftPackageReference "rive-ios" */,
			);
			productRefGroup = 19EC74AE282AC1C300E18E46 /* Products */;
			projectDirPath = "";
			projectRoot = "";
			targets = (
				19EC74AC282AC1C300E18E46 /* MyApp_v1 */,
				19EC74BC282AC1C400E18E46 /* MyApp_v1Tests */,
				19EC74C6282AC1C400E18E46 /* MyApp_v1UITests */,
			);
		};
/* End PBXProject section */

/* Begin PBXResourcesBuildPhase section */
		19EC74AB282AC1C300E18E46 /* Resources */ = {
			isa = PBXResourcesBuildPhase;
			buildActionMask = 2147483647;
			files = (
				19EC74B8282AC1C400E18E46 /* Preview Assets.xcassets in Resources */,
				19EC74B5282AC1C400E18E46 /* Assets.xcassets in Resources */,
			);
			runOnlyForDeploymentPostprocessing = 0;
		};
		19EC74BB282AC1C400E18E46 /* Resources */ = {
			isa = PBXResourcesBuildPhase;
			buildActionMask = 2147483647;
			files = (
			);
			runOnlyForDeploymentPostprocessing = 0;
		};
		19EC74C5282AC1C400E18E46 /* Resources */ = {
			isa = PBXResourcesBuildPhase;
			buildActionMask = 2147483647;
			files = (
			);
			runOnlyForDeploymentPostprocessing = 0;
		};
/* End PBXResourcesBuildPhase section */

/* Begin PBXSourcesBuildPhase section */
		19EC74A9282AC1C300E18E46 /* Sources */ = {
			isa = PBXSourcesBuildPhase;
			buildActionMask = 2147483647;
			files = (
				194AEE2428438552003C47DE /* MyProjectMainView.swift in Sources */,
				19EC74E1282C3D2800E18E46 /* TestView.swift in Sources */,
				19A4995D286A45CE0027D4E8 /* TileEducationView.swift in Sources */,
				194AEE222843853C003C47DE /* CareerMainView.swift in Sources */,
				19EC74DF282C3AEF00E18E46 /* MenuView.swift in Sources */,
				19EC74B3282AC1C300E18E46 /* ContentView.swift in Sources */,
				19DB35B7284E842600236177 /* ExtensionApp.swift in Sources */,
				191CB102283E8ECA00D6A188 /* SwitchView.swift in Sources */,
				194AEE202843845C003C47DE /* EducationMainView.swift in Sources */,
				19F0304B2872FB8600CC2A0C /* EducationSheetView.swift in Sources */,
				19DF540F2858F2820031517D /* CardBackgroundView.swift in Sources */,
				19EC74B1282AC1C300E18E46 /* MyApp_v1App.swift in Sources */,
				194AEE1E28438443003C47DE /* AboutMeMainView.swift in Sources */,
				19EC74DB282AC20000E18E46 /* MenuBackGroundView.swift in Sources */,
				194AEE2828438593003C47DE /* PlacesVisitedMainView.swift in Sources */,
				19DB35BA284E938900236177 /* PersonModel.swift in Sources */,
				194AEE262843856B003C47DE /* HobbyMainView.swift in Sources */,
				19EC74DD282AC27E00E18E46 /* MenuContentView.swift in Sources */,
				19F0304D28731E8D00CC2A0C /* AddedEducationView.swift in Sources */,
			);
			runOnlyForDeploymentPostprocessing = 0;
		};
		19EC74B9282AC1C400E18E46 /* Sources */ = {
			isa = PBXSourcesBuildPhase;
			buildActionMask = 2147483647;
			files = (
				19EC74C2282AC1C400E18E46 /* MyApp_v1Tests.swift in Sources */,
			);
			runOnlyForDeploymentPostprocessing = 0;
		};
		19EC74C3282AC1C400E18E46 /* Sources */ = {
			isa = PBXSourcesBuildPhase;
			buildActionMask = 2147483647;
			files = (
				19EC74CE282AC1C400E18E46 /* MyApp_v1UITestsLaunchTests.swift in Sources */,
				19EC74CC282AC1C400E18E46 /* MyApp_v1UITests.swift in Sources */,
			);
			runOnlyForDeploymentPostprocessing = 0;
		};
/* End PBXSourcesBuildPhase section */

/* Begin PBXTargetDependency section */
		19EC74BF282AC1C400E18E46 /* PBXTargetDependency */ = {
			isa = PBXTargetDependency;
			target = 19EC74AC282AC1C300E18E46 /* MyApp_v1 */;
			targetProxy = 19EC74BE282AC1C400E18E46 /* PBXContainerItemProxy */;
		};
		19EC74C9282AC1C400E18E46 /* PBXTargetDependency */ = {
			isa = PBXTargetDependency;
			target = 19EC74AC282AC1C300E18E46 /* MyApp_v1 */;
			targetProxy = 19EC74C8282AC1C400E18E46 /* PBXContainerItemProxy */;
		};
/* End PBXTargetDependency section */

/* Begin XCBuildConfiguration section */
		19EC74CF282AC1C400E18E46 /* Debug */ = {
			isa = XCBuildConfiguration;
			buildSettings = {
				ALWAYS_SEARCH_USER_PATHS = NO;
				CLANG_ANALYZER_NONNULL = YES;
				CLANG_ANALYZER_NUMBER_OBJECT_CONVERSION = YES_AGGRESSIVE;
				CLANG_CXX_LANGUAGE_STANDARD = "gnu++17";
				CLANG_ENABLE_MODULES = YES;
				CLANG_ENABLE_OBJC_ARC = YES;
				CLANG_ENABLE_OBJC_WEAK = YES;
				CLANG_WARN_BLOCK_CAPTURE_AUTORELEASING = YES;
				CLANG_WARN_BOOL_CONVERSION = YES;
				CLANG_WARN_COMMA = YES;
				CLANG_WARN_CONSTANT_CONVERSION = YES;
				CLANG_WARN_DEPRECATED_OBJC_IMPLEMENTATIONS = YES;
				CLANG_WARN_DIRECT_OBJC_ISA_USAGE = YES_ERROR;
				CLANG_WARN_DOCUMENTATION_COMMENTS = YES;
				CLANG_WARN_EMPTY_BODY = YES;
				CLANG_WARN_ENUM_CONVERSION = YES;
				CLANG_WARN_INFINITE_RECURSION = YES;
				CLANG_WARN_INT_CONVERSION = YES;
				CLANG_WARN_NON_LITERAL_NULL_CONVERSION = YES;
				CLANG_WARN_OBJC_IMPLICIT_RETAIN_SELF = YES;
				CLANG_WARN_OBJC_LITERAL_CONVERSION = YES;
				CLANG_WARN_OBJC_ROOT_CLASS = YES_ERROR;
				CLANG_WARN_QUOTED_INCLUDE_IN_FRAMEWORK_HEADER = YES;
				CLANG_WARN_RANGE_LOOP_ANALYSIS = YES;
				CLANG_WARN_STRICT_PROTOTYPES = YES;
				CLANG_WARN_SUSPICIOUS_MOVE = YES;
				CLANG_WARN_UNGUARDED_AVAILABILITY = YES_AGGRESSIVE;
				CLANG_WARN_UNREACHABLE_CODE = YES;
				CLANG_WARN__DUPLICATE_METHOD_MATCH = YES;
				COPY_PHASE_STRIP = NO;
				DEBUG_INFORMATION_FORMAT = dwarf;
				ENABLE_STRICT_OBJC_MSGSEND = YES;
				ENABLE_TESTABILITY = YES;
				GCC_C_LANGUAGE_STANDARD = gnu11;
				GCC_DYNAMIC_NO_PIC = NO;
				GCC_NO_COMMON_BLOCKS = YES;
				GCC_OPTIMIZATION_LEVEL = 0;
				GCC_PREPROCESSOR_DEFINITIONS = (
					"DEBUG=1",
					"$(inherited)",
				);
				GCC_WARN_64_TO_32_BIT_CONVERSION = YES;
				GCC_WARN_ABOUT_RETURN_TYPE = YES_ERROR;
				GCC_WARN_UNDECLARED_SELECTOR = YES;
				GCC_WARN_UNINITIALIZED_AUTOS = YES_AGGRESSIVE;
				GCC_WARN_UNUSED_FUNCTION = YES;
				GCC_WARN_UNUSED_VARIABLE = YES;
				IPHONEOS_DEPLOYMENT_TARGET = 15.4;
				MTL_ENABLE_DEBUG_INFO = INCLUDE_SOURCE;
				MTL_FAST_MATH = YES;
				ONLY_ACTIVE_ARCH = YES;
				SDKROOT = iphoneos;
				SWIFT_ACTIVE_COMPILATION_CONDITIONS = DEBUG;
				SWIFT_OPTIMIZATION_LEVEL = "-Onone";
			};
			name = Debug;
		};
		19EC74D0282AC1C400E18E46 /* Release */ = {
			isa = XCBuildConfiguration;
			buildSettings = {
				ALWAYS_SEARCH_USER_PATHS = NO;
				CLANG_ANALYZER_NONNULL = YES;
				CLANG_ANALYZER_NUMBER_OBJECT_CONVERSION = YES_AGGRESSIVE;
				CLANG_CXX_LANGUAGE_STANDARD = "gnu++17";
				CLANG_ENABLE_MODULES = YES;
				CLANG_ENABLE_OBJC_ARC = YES;
				CLANG_ENABLE_OBJC_WEAK = YES;
				CLANG_WARN_BLOCK_CAPTURE_AUTORELEASING = YES;
				CLANG_WARN_BOOL_CONVERSION = YES;
				CLANG_WARN_COMMA = YES;
				CLANG_WARN_CONSTANT_CONVERSION = YES;
				CLANG_WARN_DEPRECATED_OBJC_IMPLEMENTATIONS = YES;
				CLANG_WARN_DIRECT_OBJC_ISA_USAGE = YES_ERROR;
				CLANG_WARN_DOCUMENTATION_COMMENTS = YES;
				CLANG_WARN_EMPTY_BODY = YES;
				CLANG_WARN_ENUM_CONVERSION = YES;
				CLANG_WARN_INFINITE_RECURSION = YES;
				CLANG_WARN_INT_CONVERSION = YES;
				CLANG_WARN_NON_LITERAL_NULL_CONVERSION = YES;
				CLANG_WARN_OBJC_IMPLICIT_RETAIN_SELF = YES;
				CLANG_WARN_OBJC_LITERAL_CONVERSION = YES;
				CLANG_WARN_OBJC_ROOT_CLASS = YES_ERROR;
				CLANG_WARN_QUOTED_INCLUDE_IN_FRAMEWORK_HEADER = YES;
				CLANG_WARN_RANGE_LOOP_ANALYSIS = YES;
				CLANG_WARN_STRICT_PROTOTYPES = YES;
				CLANG_WARN_SUSPICIOUS_MOVE = YES;
				CLANG_WARN_UNGUARDED_AVAILABILITY = YES_AGGRESSIVE;
				CLANG_WARN_UNREACHABLE_CODE = YES;
				CLANG_WARN__DUPLICATE_METHOD_MATCH = YES;
				COPY_PHASE_STRIP = NO;
				DEBUG_INFORMATION_FORMAT = "dwarf-with-dsym";
				ENABLE_NS_ASSERTIONS = NO;
				ENABLE_STRICT_OBJC_MSGSEND = YES;
				GCC_C_LANGUAGE_STANDARD = gnu11;
				GCC_NO_COMMON_BLOCKS = YES;
				GCC_WARN_64_TO_32_BIT_CONVERSION = YES;
				GCC_WARN_ABOUT_RETURN_TYPE = YES_ERROR;
				GCC_WARN_UNDECLARED_SELECTOR = YES;
				GCC_WARN_UNINITIALIZED_AUTOS = YES_AGGRESSIVE;
				GCC_WARN_UNUSED_FUNCTION = YES;
				GCC_WARN_UNUSED_VARIABLE = YES;
				IPHONEOS_DEPLOYMENT_TARGET = 15.4;
				MTL_ENABLE_DEBUG_INFO = NO;
				MTL_FAST_MATH = YES;
				SDKROOT = iphoneos;
				SWIFT_COMPILATION_MODE = wholemodule;
				SWIFT_OPTIMIZATION_LEVEL = "-O";
				VALIDATE_PRODUCT = YES;
			};
			name = Release;
		};
		19EC74D2282AC1C400E18E46 /* Debug */ = {
			isa = XCBuildConfiguration;
			buildSettings = {
				ASSETCATALOG_COMPILER_APPICON_NAME = AppIcon;
				ASSETCATALOG_COMPILER_GLOBAL_ACCENT_COLOR_NAME = AccentColor;
				CODE_SIGN_STYLE = Automatic;
				CURRENT_PROJECT_VERSION = 1;
				DEVELOPMENT_ASSET_PATHS = "\"MyApp_v1/Preview Content\"";
				DEVELOPMENT_TEAM = HNSKUL3WR3;
				ENABLE_PREVIEWS = YES;
				GENERATE_INFOPLIST_FILE = YES;
				INFOPLIST_KEY_UIApplicationSceneManifest_Generation = YES;
				INFOPLIST_KEY_UIApplicationSupportsIndirectInputEvents = YES;
				INFOPLIST_KEY_UILaunchScreen_Generation = YES;
				INFOPLIST_KEY_UISupportedInterfaceOrientations_iPad = "UIInterfaceOrientationPortrait UIInterfaceOrientationPortraitUpsideDown UIInterfaceOrientationLandscapeLeft UIInterfaceOrientationLandscapeRight";
				INFOPLIST_KEY_UISupportedInterfaceOrientations_iPhone = "UIInterfaceOrientationPortrait UIInterfaceOrientationLandscapeLeft UIInterfaceOrientationLandscapeRight";
				IPHONEOS_DEPLOYMENT_TARGET = 16.0;
				LD_RUNPATH_SEARCH_PATHS = (
					"$(inherited)",
					"@executable_path/Frameworks",
				);
				MARKETING_VERSION = 1.0;
				PRODUCT_BUNDLE_IDENTIFIER = "com.kkarpiak.MyApp-v1";
				PRODUCT_NAME = "$(TARGET_NAME)";
				SWIFT_EMIT_LOC_STRINGS = YES;
				SWIFT_VERSION = 5.0;
				TARGETED_DEVICE_FAMILY = "1,2";
			};
			name = Debug;
		};
		19EC74D3282AC1C400E18E46 /* Release */ = {
			isa = XCBuildConfiguration;
			buildSettings = {
				ASSETCATALOG_COMPILER_APPICON_NAME = AppIcon;
				ASSETCATALOG_COMPILER_GLOBAL_ACCENT_COLOR_NAME = AccentColor;
				CODE_SIGN_STYLE = Automatic;
				CURRENT_PROJECT_VERSION = 1;
				DEVELOPMENT_ASSET_PATHS = "\"MyApp_v1/Preview Content\"";
				DEVELOPMENT_TEAM = HNSKUL3WR3;
				ENABLE_PREVIEWS = YES;
				GENERATE_INFOPLIST_FILE = YES;
				INFOPLIST_KEY_UIApplicationSceneManifest_Generation = YES;
				INFOPLIST_KEY_UIApplicationSupportsIndirectInputEvents = YES;
				INFOPLIST_KEY_UILaunchScreen_Generation = YES;
				INFOPLIST_KEY_UISupportedInterfaceOrientations_iPad = "UIInterfaceOrientationPortrait UIInterfaceOrientationPortraitUpsideDown UIInterfaceOrientationLandscapeLeft UIInterfaceOrientationLandscapeRight";
				INFOPLIST_KEY_UISupportedInterfaceOrientations_iPhone = "UIInterfaceOrientationPortrait UIInterfaceOrientationLandscapeLeft UIInterfaceOrientationLandscapeRight";
				IPHONEOS_DEPLOYMENT_TARGET = 16.0;
				LD_RUNPATH_SEARCH_PATHS = (
					"$(inherited)",
					"@executable_path/Frameworks",
				);
				MARKETING_VERSION = 1.0;
				PRODUCT_BUNDLE_IDENTIFIER = "com.kkarpiak.MyApp-v1";
				PRODUCT_NAME = "$(TARGET_NAME)";
				SWIFT_EMIT_LOC_STRINGS = YES;
				SWIFT_VERSION = 5.0;
				TARGETED_DEVICE_FAMILY = "1,2";
			};
			name = Release;
		};
		19EC74D5282AC1C400E18E46 /* Debug */ = {
			isa = XCBuildConfiguration;
			buildSettings = {
				ALWAYS_EMBED_SWIFT_STANDARD_LIBRARIES = YES;
				BUNDLE_LOADER = "$(TEST_HOST)";
				CODE_SIGN_STYLE = Automatic;
				CURRENT_PROJECT_VERSION = 1;
				DEVELOPMENT_TEAM = HNSKUL3WR3;
				GENERATE_INFOPLIST_FILE = YES;
				IPHONEOS_DEPLOYMENT_TARGET = 15.4;
				MARKETING_VERSION = 1.0;
				PRODUCT_BUNDLE_IDENTIFIER = "com.kkarpiak.MyApp-v1Tests";
				PRODUCT_NAME = "$(TARGET_NAME)";
				SWIFT_EMIT_LOC_STRINGS = NO;
				SWIFT_VERSION = 5.0;
				TARGETED_DEVICE_FAMILY = "1,2";
				TEST_HOST = "$(BUILT_PRODUCTS_DIR)/MyApp_v1.app/MyApp_v1";
			};
			name = Debug;
		};
		19EC74D6282AC1C400E18E46 /* Release */ = {
			isa = XCBuildConfiguration;
			buildSettings = {
				ALWAYS_EMBED_SWIFT_STANDARD_LIBRARIES = YES;
				BUNDLE_LOADER = "$(TEST_HOST)";
				CODE_SIGN_STYLE = Automatic;
				CURRENT_PROJECT_VERSION = 1;
				DEVELOPMENT_TEAM = HNSKUL3WR3;
				GENERATE_INFOPLIST_FILE = YES;
				IPHONEOS_DEPLOYMENT_TARGET = 15.4;
				MARKETING_VERSION = 1.0;
				PRODUCT_BUNDLE_IDENTIFIER = "com.kkarpiak.MyApp-v1Tests";
				PRODUCT_NAME = "$(TARGET_NAME)";
				SWIFT_EMIT_LOC_STRINGS = NO;
				SWIFT_VERSION = 5.0;
				TARGETED_DEVICE_FAMILY = "1,2";
				TEST_HOST = "$(BUILT_PRODUCTS_DIR)/MyApp_v1.app/MyApp_v1";
			};
			name = Release;
		};
		19EC74D8282AC1C400E18E46 /* Debug */ = {
			isa = XCBuildConfiguration;
			buildSettings = {
				ALWAYS_EMBED_SWIFT_STANDARD_LIBRARIES = YES;
				CODE_SIGN_STYLE = Automatic;
				CURRENT_PROJECT_VERSION = 1;
				DEVELOPMENT_TEAM = HNSKUL3WR3;
				GENERATE_INFOPLIST_FILE = YES;
				MARKETING_VERSION = 1.0;
				PRODUCT_BUNDLE_IDENTIFIER = "com.kkarpiak.MyApp-v1UITests";
				PRODUCT_NAME = "$(TARGET_NAME)";
				SWIFT_EMIT_LOC_STRINGS = NO;
				SWIFT_VERSION = 5.0;
				TARGETED_DEVICE_FAMILY = "1,2";
				TEST_TARGET_NAME = MyApp_v1;
			};
			name = Debug;
		};
		19EC74D9282AC1C400E18E46 /* Release */ = {
			isa = XCBuildConfiguration;
			buildSettings = {
				ALWAYS_EMBED_SWIFT_STANDARD_LIBRARIES = YES;
				CODE_SIGN_STYLE = Automatic;
				CURRENT_PROJECT_VERSION = 1;
				DEVELOPMENT_TEAM = HNSKUL3WR3;
				GENERATE_INFOPLIST_FILE = YES;
				MARKETING_VERSION = 1.0;
				PRODUCT_BUNDLE_IDENTIFIER = "com.kkarpiak.MyApp-v1UITests";
				PRODUCT_NAME = "$(TARGET_NAME)";
				SWIFT_EMIT_LOC_STRINGS = NO;
				SWIFT_VERSION = 5.0;
				TARGETED_DEVICE_FAMILY = "1,2";
				TEST_TARGET_NAME = MyApp_v1;
			};
			name = Release;
		};
/* End XCBuildConfiguration section */

/* Begin XCConfigurationList section */
		19EC74A8282AC1C300E18E46 /* Build configuration list for PBXProject "MyApp_v1" */ = {
			isa = XCConfigurationList;
			buildConfigurations = (
				19EC74CF282AC1C400E18E46 /* Debug */,
				19EC74D0282AC1C400E18E46 /* Release */,
			);
			defaultConfigurationIsVisible = 0;
			defaultConfigurationName = Release;
		};
		19EC74D1282AC1C400E18E46 /* Build configuration list for PBXNativeTarget "MyApp_v1" */ = {
			isa = XCConfigurationList;
			buildConfigurations = (
				19EC74D2282AC1C400E18E46 /* Debug */,
				19EC74D3282AC1C400E18E46 /* Release */,
			);
			defaultConfigurationIsVisible = 0;
			defaultConfigurationName = Release;
		};
		19EC74D4282AC1C400E18E46 /* Build configuration list for PBXNativeTarget "MyApp_v1Tests" */ = {
			isa = XCConfigurationList;
			buildConfigurations = (
				19EC74D5282AC1C400E18E46 /* Debug */,
				19EC74D6282AC1C400E18E46 /* Release */,
			);
			defaultConfigurationIsVisible = 0;
			defaultConfigurationName = Release;
		};
		19EC74D7282AC1C400E18E46 /* Build configuration list for PBXNativeTarget "MyApp_v1UITests" */ = {
			isa = XCConfigurationList;
			buildConfigurations = (
				19EC74D8282AC1C400E18E46 /* Debug */,
				19EC74D9282AC1C400E18E46 /* Release */,
			);
			defaultConfigurationIsVisible = 0;
			defaultConfigurationName = Release;
		};
/* End XCConfigurationList section */

/* Begin XCRemoteSwiftPackageReference section */
		19DB35B3284E7A3000236177 /* XCRemoteSwiftPackageReference "rive-ios" */ = {
			isa = XCRemoteSwiftPackageReference;
			repositoryURL = "https://github.com/rive-app/rive-ios";
			requirement = {
				kind = upToNextMajorVersion;
				minimumVersion = 2.0.0;
			};
		};
/* End XCRemoteSwiftPackageReference section */
	};
	rootObject = 19EC74A5282AC1C300E18E46 /* Project object */;
}
